{
  "version": 4,
  "terraform_version": "1.1.8",
  "serial": 631,
  "lineage": "9699be40-0016-651f-620a-3934cb6ff85c",
  "outputs": {},
  "resources": [
    {
      "mode": "data",
      "type": "aws_iam_policy_document",
      "name": "allow_access_from_cloudfront_account",
      "provider": "provider[\"registry.terraform.io/hashicorp/aws\"]",
      "instances": [
        {
          "schema_version": 0,
          "attributes": {
            "id": "2131747168",
            "json": "{\n  \"Version\": \"2012-10-17\",\n  \"Statement\": [\n    {\n      \"Sid\": \"1\",\n      \"Effect\": \"Allow\",\n      \"Action\": \"s3:GetObject\",\n      \"Resource\": \"arn:aws:s3:::terraform-test-output-220420-repack/*\",\n      \"Principal\": {\n        \"AWS\": \"arn:aws:iam::cloudfront:user/CloudFront Origin Access Identity E1X05HV9U0V1U2\"\n      }\n    }\n  ]\n}",
            "override_json": null,
            "override_policy_documents": null,
            "policy_id": null,
            "source_json": null,
            "source_policy_documents": null,
            "statement": [
              {
                "actions": [
                  "s3:GetObject"
                ],
                "condition": [],
                "effect": "Allow",
                "not_actions": [],
                "not_principals": [],
                "not_resources": [],
                "principals": [
                  {
                    "identifiers": [
                      "arn:aws:iam::cloudfront:user/CloudFront Origin Access Identity E1X05HV9U0V1U2"
                    ],
                    "type": "AWS"
                  }
                ],
                "resources": [
                  "arn:aws:s3:::terraform-test-output-220420-repack/*"
                ],
                "sid": "1"
              }
            ],
            "version": "2012-10-17"
          },
          "sensitive_attributes": []
        }
      ]
    },
    {
      "mode": "managed",
      "type": "aws_cloudfront_distribution",
      "name": "hlsDistribution",
      "provider": "provider[\"registry.terraform.io/hashicorp/aws\"]",
      "instances": [
        {
          "schema_version": 1,
          "attributes": {
            "aliases": [],
            "arn": "arn:aws:cloudfront::213739790465:distribution/EMM7T8Q3XZ2WY",
            "caller_reference": "terraform-20220420090741567900000002",
            "comment": null,
            "custom_error_response": [],
            "default_cache_behavior": [
              {
                "allowed_methods": [
                  "GET",
                  "HEAD",
                  "OPTIONS"
                ],
                "cache_policy_id": "",
                "cached_methods": [
                  "GET",
                  "HEAD"
                ],
                "compress": false,
                "default_ttl": 3600,
                "field_level_encryption_id": "",
                "forwarded_values": [
                  {
                    "cookies": [
                      {
                        "forward": "none",
                        "whitelisted_names": []
                      }
                    ],
                    "headers": [],
                    "query_string": false,
                    "query_string_cache_keys": []
                  }
                ],
                "function_association": [],
                "lambda_function_association": [],
                "max_ttl": 86400,
                "min_ttl": 0,
                "origin_request_policy_id": "",
                "realtime_log_config_arn": "",
                "response_headers_policy_id": "",
                "smooth_streaming": false,
                "target_origin_id": "s3_output_origin",
                "trusted_key_groups": [],
                "trusted_signers": [],
                "viewer_protocol_policy": "allow-all"
              }
            ],
            "default_root_object": "",
            "domain_name": "dk94mxiy39v05.cloudfront.net",
            "enabled": true,
            "etag": "E3L8WB9ITYP9YB",
            "hosted_zone_id": "Z2FDTNDATAQYW2",
            "http_version": "http2",
            "id": "EMM7T8Q3XZ2WY",
            "in_progress_validation_batches": 0,
            "is_ipv6_enabled": false,
            "last_modified_time": "2022-04-20 09:07:39.403 +0000 UTC",
            "logging_config": [],
            "ordered_cache_behavior": [
              {
                "allowed_methods": [
                  "GET",
                  "HEAD",
                  "OPTIONS"
                ],
                "cache_policy_id": "",
                "cached_methods": [
                  "GET",
                  "HEAD",
                  "OPTIONS"
                ],
                "compress": true,
                "default_ttl": 86400,
                "field_level_encryption_id": "",
                "forwarded_values": [
                  {
                    "cookies": [
                      {
                        "forward": "none",
                        "whitelisted_names": []
                      }
                    ],
                    "headers": [
                      "Access-Control-Request-Headers",
                      "Access-Control-Request-Method",
                      "Origin"
                    ],
                    "query_string": false,
                    "query_string_cache_keys": []
                  }
                ],
                "function_association": [],
                "lambda_function_association": [],
                "max_ttl": 31536000,
                "min_ttl": 0,
                "origin_request_policy_id": "",
                "path_pattern": "*",
                "realtime_log_config_arn": "",
                "response_headers_policy_id": "",
                "smooth_streaming": false,
                "target_origin_id": "s3_output_origin",
                "trusted_key_groups": [],
                "trusted_signers": [],
                "viewer_protocol_policy": "redirect-to-https"
              }
            ],
            "origin": [
              {
                "connection_attempts": 3,
                "connection_timeout": 10,
                "custom_header": [],
                "custom_origin_config": [],
                "domain_name": "terraform-test-output-220420-repack.s3.ap-northeast-2.amazonaws.com",
                "origin_id": "s3_output_origin",
                "origin_path": "",
                "origin_shield": [],
                "s3_origin_config": [
                  {
                    "origin_access_identity": "origin-access-identity/cloudfront/E1X05HV9U0V1U2"
                  }
                ]
              }
            ],
            "origin_group": [],
            "price_class": "PriceClass_All",
            "restrictions": [
              {
                "geo_restriction": [
                  {
                    "locations": [],
                    "restriction_type": "none"
                  }
                ]
              }
            ],
            "retain_on_delete": false,
            "status": "Deployed",
            "tags": {},
            "tags_all": {},
            "trusted_key_groups": [
              {
                "enabled": false,
                "items": []
              }
            ],
            "trusted_signers": [
              {
                "enabled": false,
                "items": []
              }
            ],
            "viewer_certificate": [
              {
                "acm_certificate_arn": "",
                "cloudfront_default_certificate": true,
                "iam_certificate_id": "",
                "minimum_protocol_version": "TLSv1",
                "ssl_support_method": ""
              }
            ],
            "wait_for_deployment": true,
            "web_acl_id": ""
          },
          "sensitive_attributes": [],
          "private": "eyJzY2hlbWFfdmVyc2lvbiI6IjEifQ==",
          "dependencies": [
            "aws_cloudfront_origin_access_identity.s3_output_OAI",
            "aws_s3_bucket.outputBucket"
          ]
        }
      ]
    },
    {
      "mode": "managed",
      "type": "aws_cloudfront_origin_access_identity",
      "name": "s3_output_OAI",
      "provider": "provider[\"registry.terraform.io/hashicorp/aws\"]",
      "instances": [
        {
          "schema_version": 0,
          "attributes": {
            "caller_reference": "terraform-20220420090738535300000001",
            "cloudfront_access_identity_path": "origin-access-identity/cloudfront/E1X05HV9U0V1U2",
            "comment": "orign access id for hls output bucket",
            "etag": "E3OSOXO463MX94",
            "iam_arn": "arn:aws:iam::cloudfront:user/CloudFront Origin Access Identity E1X05HV9U0V1U2",
            "id": "E1X05HV9U0V1U2",
            "s3_canonical_user_id": "ee38a09ed2841291d342181d89147ef1800bf6186a15f3a6365039d9c17124e91790aff68e2c84e6793a221f363c2efa"
          },
          "sensitive_attributes": [],
          "private": "bnVsbA=="
        }
      ]
    },
    {
      "mode": "managed",
      "type": "aws_iam_policy",
      "name": "api_invoke_policy",
      "provider": "provider[\"registry.terraform.io/hashicorp/aws\"]",
      "instances": [
        {
          "schema_version": 0,
          "attributes": {
            "arn": "arn:aws:iam::213739790465:policy/api_invoke_policy_220420-repack",
            "description": "A test policy",
            "id": "arn:aws:iam::213739790465:policy/api_invoke_policy_220420-repack",
            "name": "api_invoke_policy_220420-repack",
            "name_prefix": null,
            "path": "/",
            "policy": "{\"Statement\":[{\"Action\":[\"cloudformation:DescribeStacks\",\"cloudformation:ListStackResources\",\"cloudwatch:ListMetrics\",\"cloudwatch:GetMetricData\",\"ec2:DescribeSecurityGroups\",\"ec2:DescribeSubnets\",\"ec2:DescribeVpcs\",\"kms:ListAliases\",\"iam:GetPolicy\",\"iam:GetPolicyVersion\",\"iam:GetRole\",\"iam:GetRolePolicy\",\"iam:ListAttachedRolePolicies\",\"iam:ListRolePolicies\",\"iam:ListRoles\",\"lambda:*\",\"logs:DescribeLogGroups\",\"states:DescribeStateMachine\",\"states:ListStateMachines\",\"tag:GetResources\",\"xray:GetTraceSummaries\",\"xray:BatchGetTraces\"],\"Effect\":\"Allow\",\"Resource\":\"*\"}],\"Version\":\"2012-10-17\"}",
            "policy_id": "ANPATDQ7CMCATBQPSAIHT",
            "tags": {},
            "tags_all": {}
          },
          "sensitive_attributes": [],
          "private": "bnVsbA=="
        }
      ]
    },
    {
      "mode": "managed",
      "type": "aws_iam_policy",
      "name": "bucket_access_policy",
      "provider": "provider[\"registry.terraform.io/hashicorp/aws\"]",
      "instances": [
        {
          "schema_version": 0,
          "attributes": {
            "arn": "arn:aws:iam::213739790465:policy/bucketFullAccess_220420-repack",
            "description": "",
            "id": "arn:aws:iam::213739790465:policy/bucketFullAccess_220420-repack",
            "name": "bucketFullAccess_220420-repack",
            "name_prefix": null,
            "path": "/",
            "policy": "{\"Statement\":[{\"Action\":[\"s3:*\"],\"Effect\":\"Allow\",\"Resource\":\"arn:aws:s3:::terraform-test-output-220420-repack\",\"Sid\":\"allowOutputBucketAccess\"}],\"Version\":\"2012-10-17\"}",
            "policy_id": "ANPATDQ7CMCAWFK3PFWJX",
            "tags": null,
            "tags_all": {}
          },
          "sensitive_attributes": [],
          "private": "bnVsbA==",
          "dependencies": [
            "aws_s3_bucket.outputBucket"
          ]
        }
      ]
    },
    {
      "mode": "managed",
      "type": "aws_iam_policy",
      "name": "get_lambda_event_policy",
      "provider": "provider[\"registry.terraform.io/hashicorp/aws\"]",
      "instances": [
        {
          "schema_version": 0,
          "attributes": {
            "arn": "arn:aws:iam::213739790465:policy/get_lambda_event_policy_220420-repack",
            "description": "get lambda event from log event",
            "id": "arn:aws:iam::213739790465:policy/get_lambda_event_policy_220420-repack",
            "name": "get_lambda_event_policy_220420-repack",
            "name_prefix": null,
            "path": "/",
            "policy": "{\"Statement\":[{\"Action\":[\"logs:DescribeLogStreams\",\"logs:GetLogEvents\",\"logs:FilterLogEvents\"],\"Effect\":\"Allow\",\"Resource\":\"arn:aws:logs:*:*:log-group:/aws/lambda/*\"}],\"Version\":\"2012-10-17\"}",
            "policy_id": "ANPATDQ7CMCATTO5OQ7PF",
            "tags": {},
            "tags_all": {}
          },
          "sensitive_attributes": [],
          "private": "bnVsbA=="
        }
      ]
    },
    {
      "mode": "managed",
      "type": "aws_iam_policy",
      "name": "logging_policy",
      "provider": "provider[\"registry.terraform.io/hashicorp/aws\"]",
      "instances": [
        {
          "schema_version": 0,
          "attributes": {
            "arn": "arn:aws:iam::213739790465:policy/logging_policy_220420-repack",
            "description": "policy for logging",
            "id": "arn:aws:iam::213739790465:policy/logging_policy_220420-repack",
            "name": "logging_policy_220420-repack",
            "name_prefix": null,
            "path": "/",
            "policy": "{\"Statement\":[{\"Action\":[\"logs:CreateLogGroup\",\"logs:CreateLogStream\",\"logs:PutLogEvents\"],\"Effect\":\"Allow\",\"Resource\":\"*\",\"Sid\":\"Logging\"}],\"Version\":\"2012-10-17\"}",
            "policy_id": "ANPATDQ7CMCAW2ZB5N5WV",
            "tags": {},
            "tags_all": {}
          },
          "sensitive_attributes": [],
          "private": "bnVsbA=="
        }
      ]
    },
    {
      "mode": "managed",
      "type": "aws_iam_policy",
      "name": "pass_lambdaRole_poilcy",
      "provider": "provider[\"registry.terraform.io/hashicorp/aws\"]",
      "instances": [
        {
          "schema_version": 0,
          "attributes": {
            "arn": "arn:aws:iam::213739790465:policy/pass_lambdaRole_poilcy_220420-repack",
            "description": "for call lambdaRole",
            "id": "arn:aws:iam::213739790465:policy/pass_lambdaRole_poilcy_220420-repack",
            "name": "pass_lambdaRole_poilcy_220420-repack",
            "name_prefix": null,
            "path": "/",
            "policy": "{\"Statement\":[{\"Action\":\"iam:PassRole\",\"Condition\":{\"StringEquals\":{\"iam:PassedToService\":\"lambda.amazonaws.com\"}},\"Effect\":\"Allow\",\"Resource\":\"*\"}],\"Version\":\"2012-10-17\"}",
            "policy_id": "ANPATDQ7CMCARZJSXPWI6",
            "tags": {},
            "tags_all": {}
          },
          "sensitive_attributes": [],
          "private": "bnVsbA=="
        }
      ]
    },
    {
      "mode": "managed",
      "type": "aws_iam_policy",
      "name": "pass_mediaConvertRole_poilcy",
      "provider": "provider[\"registry.terraform.io/hashicorp/aws\"]",
      "instances": [
        {
          "schema_version": 0,
          "attributes": {
            "arn": "arn:aws:iam::213739790465:policy/pass_mediaConvertRole_poilcy_220420-repack",
            "description": "for call mediaConvertRole",
            "id": "arn:aws:iam::213739790465:policy/pass_mediaConvertRole_poilcy_220420-repack",
            "name": "pass_mediaConvertRole_poilcy_220420-repack",
            "name_prefix": null,
            "path": "/",
            "policy": "{\"Statement\":[{\"Action\":[\"iam:PassRole\"],\"Effect\":\"Allow\",\"Resource\":[\"arn:aws:iam::213739790465:role/mediaConvertRole_220420-repack\"],\"Sid\":\"PassRole\"}],\"Version\":\"2012-10-17\"}",
            "policy_id": "ANPATDQ7CMCA26756TVW5",
            "tags": {},
            "tags_all": {}
          },
          "sensitive_attributes": [],
          "private": "bnVsbA==",
          "dependencies": [
            "aws_iam_role.mediaConvertRole"
          ]
        }
      ]
    },
    {
      "mode": "managed",
      "type": "aws_iam_policy",
      "name": "run_mediaConvert_poilcy",
      "provider": "provider[\"registry.terraform.io/hashicorp/aws\"]",
      "instances": [
        {
          "schema_version": 0,
          "attributes": {
            "arn": "arn:aws:iam::213739790465:policy/run_mediaConvert_poilcy_220420-repack",
            "description": "for run mediaConvert service",
            "id": "arn:aws:iam::213739790465:policy/run_mediaConvert_poilcy_220420-repack",
            "name": "run_mediaConvert_poilcy_220420-repack",
            "name_prefix": null,
            "path": "/",
            "policy": "{\"Statement\":[{\"Action\":[\"mediaconvert:*\"],\"Effect\":\"Allow\",\"Resource\":[\"*\"],\"Sid\":\"MediaConvertService\"}],\"Version\":\"2012-10-17\"}",
            "policy_id": "ANPATDQ7CMCARX57KETTY",
            "tags": {},
            "tags_all": {}
          },
          "sensitive_attributes": [],
          "private": "bnVsbA=="
        }
      ]
    },
    {
      "mode": "managed",
      "type": "aws_iam_role",
      "name": "lambdaRole",
      "provider": "provider[\"registry.terraform.io/hashicorp/aws\"]",
      "instances": [
        {
          "schema_version": 0,
          "attributes": {
            "arn": "arn:aws:iam::213739790465:role/lambdaRole_220420-repack",
            "assume_role_policy": "{\"Version\":\"2012-10-17\",\"Statement\":[{\"Effect\":\"Allow\",\"Principal\":{\"Service\":\"lambda.amazonaws.com\"},\"Action\":\"sts:AssumeRole\"}]}",
            "create_date": "2022-04-20T09:37:00Z",
            "description": "",
            "force_detach_policies": false,
            "id": "lambdaRole_220420-repack",
            "inline_policy": [
              {
                "name": "",
                "policy": ""
              }
            ],
            "managed_policy_arns": [
              "arn:aws:iam::213739790465:policy/api_invoke_policy_220420-repack",
              "arn:aws:iam::213739790465:policy/get_lambda_event_policy_220420-repack",
              "arn:aws:iam::213739790465:policy/logging_policy_220420-repack",
              "arn:aws:iam::213739790465:policy/pass_lambdaRole_poilcy_220420-repack",
              "arn:aws:iam::213739790465:policy/pass_mediaConvertRole_poilcy_220420-repack",
              "arn:aws:iam::213739790465:policy/run_mediaConvert_poilcy_220420-repack"
            ],
            "max_session_duration": 3600,
            "name": "lambdaRole_220420-repack",
            "name_prefix": "",
            "path": "/",
            "permissions_boundary": null,
            "tags": {},
            "tags_all": {},
            "unique_id": "AROATDQ7CMCAWPOC2UT7N"
          },
          "sensitive_attributes": [],
          "private": "bnVsbA=="
        }
      ]
    },
    {
      "mode": "managed",
      "type": "aws_iam_role",
      "name": "mediaConvertRole",
      "provider": "provider[\"registry.terraform.io/hashicorp/aws\"]",
      "instances": [
        {
          "schema_version": 0,
          "attributes": {
            "arn": "arn:aws:iam::213739790465:role/mediaConvertRole_220420-repack",
            "assume_role_policy": "{\"Version\":\"2012-10-17\",\"Statement\":[{\"Effect\":\"Allow\",\"Principal\":{\"Service\":\"mediaconvert.amazonaws.com\"},\"Action\":\"sts:AssumeRole\"}]}",
            "create_date": "2022-04-20T09:07:36Z",
            "description": "",
            "force_detach_policies": false,
            "id": "mediaConvertRole_220420-repack",
            "inline_policy": [
              {
                "name": "media_convert_policy_220420-repack",
                "policy": "{\r\n    \"Version\": \"2012-10-17\",\r\n    \"Statement\": [\r\n        {\r\n            \"Effect\": \"Allow\",\r\n            \"Action\": [\r\n                \"s3:*\",\r\n                \"s3-object-lambda:*\"\r\n            ],\r\n            \"Resource\": \"*\"\r\n        },\r\n        {\r\n            \"Effect\": \"Allow\",\r\n            \"Action\": [\r\n                \"execute-api:Invoke\",\r\n                \"execute-api:ManageConnections\"\r\n            ],\r\n            \"Resource\": \"arn:aws:execute-api:*:*:*\"\r\n        }\r\n    ]\r\n}\r\n"
              }
            ],
            "managed_policy_arns": [],
            "max_session_duration": 3600,
            "name": "mediaConvertRole_220420-repack",
            "name_prefix": "",
            "path": "/",
            "permissions_boundary": null,
            "tags": {},
            "tags_all": {},
            "unique_id": "AROATDQ7CMCAYIYOGUBBX"
          },
          "sensitive_attributes": [],
          "private": "bnVsbA=="
        }
      ]
    },
    {
      "mode": "managed",
      "type": "aws_iam_role_policy",
      "name": "media_convert_policy",
      "provider": "provider[\"registry.terraform.io/hashicorp/aws\"]",
      "instances": [
        {
          "schema_version": 0,
          "attributes": {
            "id": "mediaConvertRole_220420-repack:media_convert_policy_220420-repack",
            "name": "media_convert_policy_220420-repack",
            "name_prefix": null,
            "policy": "{\r\n    \"Version\": \"2012-10-17\",\r\n    \"Statement\": [\r\n        {\r\n            \"Effect\": \"Allow\",\r\n            \"Action\": [\r\n                \"s3:*\",\r\n                \"s3-object-lambda:*\"\r\n            ],\r\n            \"Resource\": \"*\"\r\n        },\r\n        {\r\n            \"Effect\": \"Allow\",\r\n            \"Action\": [\r\n                \"execute-api:Invoke\",\r\n                \"execute-api:ManageConnections\"\r\n            ],\r\n            \"Resource\": \"arn:aws:execute-api:*:*:*\"\r\n        }\r\n    ]\r\n}\r\n",
            "role": "mediaConvertRole_220420-repack"
          },
          "sensitive_attributes": [],
          "private": "bnVsbA==",
          "dependencies": [
            "aws_iam_role.mediaConvertRole"
          ]
        }
      ]
    },
    {
      "mode": "managed",
      "type": "aws_iam_role_policy_attachment",
      "name": "lambdaRole_policy-attachment1",
      "provider": "provider[\"registry.terraform.io/hashicorp/aws\"]",
      "instances": [
        {
          "schema_version": 0,
          "attributes": {
            "id": "lambdaRole_220420-repack-20220420093828151700000001",
            "policy_arn": "arn:aws:iam::213739790465:policy/bucketFullAccess_220420-repack",
            "role": "lambdaRole_220420-repack"
          },
          "sensitive_attributes": [],
          "private": "bnVsbA==",
          "dependencies": [
            "aws_iam_policy.bucket_access_policy",
            "aws_iam_role.lambdaRole",
            "aws_s3_bucket.outputBucket"
          ]
        }
      ]
    },
    {
      "mode": "managed",
      "type": "aws_iam_role_policy_attachment",
      "name": "lambdaRole_policy-attachment2",
      "provider": "provider[\"registry.terraform.io/hashicorp/aws\"]",
      "instances": [
        {
          "schema_version": 0,
          "attributes": {
            "id": "lambdaRole_220420-repack-20220420093707597500000002",
            "policy_arn": "arn:aws:iam::213739790465:policy/api_invoke_policy_220420-repack",
            "role": "lambdaRole_220420-repack"
          },
          "sensitive_attributes": [],
          "private": "bnVsbA==",
          "dependencies": [
            "aws_iam_policy.api_invoke_policy",
            "aws_iam_role.lambdaRole"
          ]
        }
      ]
    },
    {
      "mode": "managed",
      "type": "aws_iam_role_policy_attachment",
      "name": "lambdaRole_policy-attachment3",
      "provider": "provider[\"registry.terraform.io/hashicorp/aws\"]",
      "instances": [
        {
          "schema_version": 0,
          "attributes": {
            "id": "lambdaRole_220420-repack-20220420093707584500000001",
            "policy_arn": "arn:aws:iam::213739790465:policy/pass_lambdaRole_poilcy_220420-repack",
            "role": "lambdaRole_220420-repack"
          },
          "sensitive_attributes": [],
          "private": "bnVsbA==",
          "dependencies": [
            "aws_iam_policy.pass_lambdaRole_poilcy",
            "aws_iam_role.lambdaRole"
          ]
        }
      ]
    },
    {
      "mode": "managed",
      "type": "aws_iam_role_policy_attachment",
      "name": "lambdaRole_policy-attachment4",
      "provider": "provider[\"registry.terraform.io/hashicorp/aws\"]",
      "instances": [
        {
          "schema_version": 0,
          "attributes": {
            "id": "lambdaRole_220420-repack-20220420093707654700000006",
            "policy_arn": "arn:aws:iam::213739790465:policy/get_lambda_event_policy_220420-repack",
            "role": "lambdaRole_220420-repack"
          },
          "sensitive_attributes": [],
          "private": "bnVsbA==",
          "dependencies": [
            "aws_iam_policy.get_lambda_event_policy",
            "aws_iam_role.lambdaRole"
          ]
        }
      ]
    },
    {
      "mode": "managed",
      "type": "aws_iam_role_policy_attachment",
      "name": "lambdaRole_policy-attachment5",
      "provider": "provider[\"registry.terraform.io/hashicorp/aws\"]",
      "instances": [
        {
          "schema_version": 0,
          "attributes": {
            "id": "lambdaRole_220420-repack-20220420093707643600000004",
            "policy_arn": "arn:aws:iam::213739790465:policy/logging_policy_220420-repack",
            "role": "lambdaRole_220420-repack"
          },
          "sensitive_attributes": [],
          "private": "bnVsbA==",
          "dependencies": [
            "aws_iam_policy.logging_policy",
            "aws_iam_role.lambdaRole"
          ]
        }
      ]
    },
    {
      "mode": "managed",
      "type": "aws_iam_role_policy_attachment",
      "name": "lambdaRole_policy-attachment6",
      "provider": "provider[\"registry.terraform.io/hashicorp/aws\"]",
      "instances": [
        {
          "schema_version": 0,
          "attributes": {
            "id": "lambdaRole_220420-repack-20220420093707638100000003",
            "policy_arn": "arn:aws:iam::213739790465:policy/pass_mediaConvertRole_poilcy_220420-repack",
            "role": "lambdaRole_220420-repack"
          },
          "sensitive_attributes": [],
          "private": "bnVsbA==",
          "dependencies": [
            "aws_iam_policy.pass_mediaConvertRole_poilcy",
            "aws_iam_role.lambdaRole",
            "aws_iam_role.mediaConvertRole"
          ]
        }
      ]
    },
    {
      "mode": "managed",
      "type": "aws_iam_role_policy_attachment",
      "name": "lambdaRole_policy-attachment7",
      "provider": "provider[\"registry.terraform.io/hashicorp/aws\"]",
      "instances": [
        {
          "schema_version": 0,
          "attributes": {
            "id": "lambdaRole_220420-repack-20220420093707645600000005",
            "policy_arn": "arn:aws:iam::213739790465:policy/run_mediaConvert_poilcy_220420-repack",
            "role": "lambdaRole_220420-repack"
          },
          "sensitive_attributes": [],
          "private": "bnVsbA==",
          "dependencies": [
            "aws_iam_policy.run_mediaConvert_poilcy",
            "aws_iam_role.lambdaRole"
          ]
        }
      ]
    },
    {
      "mode": "managed",
      "type": "aws_lambda_function",
      "name": "convertLambda",
      "provider": "provider[\"registry.terraform.io/hashicorp/aws\"]",
      "instances": [
        {
          "schema_version": 0,
          "attributes": {
            "architectures": [],
            "arn": "arn:aws:lambda:ap-northeast-2:213739790465:function:mediaConvertLambda_220420-repack",
            "code_signing_config_arn": "",
            "dead_letter_config": [],
            "description": "",
            "environment": [
              {
                "variables": {
                  "Application": "VOD",
                  "DestinationBucket": "terraform-test-output-220420-repack",
                  "MediaConvertRole": "arn:aws:iam::213739790465:role/mediaConvertRole_220420-repack"
                }
              }
            ],
            "file_system_config": [],
            "filename": "src.zip",
            "function_name": "mediaConvertLambda_220420-repack",
            "handler": "convert.handler",
            "id": "mediaConvertLambda_220420-repack",
            "image_config": [],
            "image_uri": "",
            "invoke_arn": "arn:aws:apigateway:ap-northeast-2:lambda:path/2015-03-31/functions/arn:aws:lambda:ap-northeast-2:213739790465:function:mediaConvertLambda_220420-repack/invocations",
            "kms_key_arn": "",
            "last_modified": "2022-04-20T09:37:25.078+0000",
            "layers": [],
            "memory_size": 128,
            "package_type": "Zip",
            "publish": false,
            "qualified_arn": "arn:aws:lambda:ap-northeast-2:213739790465:function:mediaConvertLambda_220420-repack:$LATEST",
            "reserved_concurrent_executions": -1,
            "role": "arn:aws:iam::213739790465:role/lambdaRole_220420-repack",
            "runtime": "python3.8",
            "s3_bucket": null,
            "s3_key": null,
            "s3_object_version": null,
            "signing_job_arn": "",
            "signing_profile_version_arn": "",
            "source_code_hash": "HgX24kDpTFWgckSs7UtJe6DbFzBlGCPRhGHAKW/ppn0=",
            "source_code_size": 1891,
            "tags": {},
            "tags_all": {},
            "timeout": 3,
            "timeouts": null,
            "tracing_config": [
              {
                "mode": "PassThrough"
              }
            ],
            "version": "$LATEST",
            "vpc_config": []
          },
          "sensitive_attributes": [],
          "private": "eyJlMmJmYjczMC1lY2FhLTExZTYtOGY4OC0zNDM2M2JjN2M0YzAiOnsiY3JlYXRlIjo2MDAwMDAwMDAwMDB9fQ==",
          "dependencies": [
            "aws_iam_role.lambdaRole",
            "aws_iam_role.mediaConvertRole",
            "aws_s3_bucket.outputBucket"
          ]
        }
      ]
    },
    {
      "mode": "managed",
      "type": "aws_lambda_permission",
      "name": "test",
      "provider": "provider[\"registry.terraform.io/hashicorp/aws\"]",
      "instances": [
        {
          "schema_version": 0,
          "attributes": {
            "action": "lambda:InvokeFunction",
            "event_source_token": null,
            "function_name": "mediaConvertLambda_220420-repack",
            "id": "AllowS3Invoke",
            "principal": "s3.amazonaws.com",
            "qualifier": "",
            "source_account": null,
            "source_arn": "arn:aws:s3:::terraform-test-input-220420-repack",
            "statement_id": "AllowS3Invoke",
            "statement_id_prefix": null
          },
          "sensitive_attributes": [],
          "private": "bnVsbA==",
          "dependencies": [
            "aws_iam_role.lambdaRole",
            "aws_iam_role.mediaConvertRole",
            "aws_lambda_function.convertLambda",
            "aws_s3_bucket.inputBucket",
            "aws_s3_bucket.outputBucket"
          ]
        }
      ]
    },
    {
      "mode": "managed",
      "type": "aws_s3_bucket",
      "name": "inputBucket",
      "provider": "provider[\"registry.terraform.io/hashicorp/aws\"]",
      "instances": [
        {
          "schema_version": 0,
          "attributes": {
            "acceleration_status": "",
            "acl": "private",
            "arn": "arn:aws:s3:::terraform-test-input-220420-repack",
            "bucket": "terraform-test-input-220420-repack",
            "bucket_domain_name": "terraform-test-input-220420-repack.s3.amazonaws.com",
            "bucket_prefix": null,
            "bucket_regional_domain_name": "terraform-test-input-220420-repack.s3.ap-northeast-2.amazonaws.com",
            "cors_rule": [],
            "force_destroy": false,
            "grant": [],
            "hosted_zone_id": "Z3W03O7B5YMIYP",
            "id": "terraform-test-input-220420-repack",
            "lifecycle_rule": [],
            "logging": [],
            "object_lock_configuration": [],
            "object_lock_enabled": false,
            "policy": null,
            "region": "ap-northeast-2",
            "replication_configuration": [],
            "request_payer": "BucketOwner",
            "server_side_encryption_configuration": [],
            "tags": {
              "Name": "mp4 input bucket"
            },
            "tags_all": {
              "Name": "mp4 input bucket"
            },
            "versioning": [
              {
                "enabled": false,
                "mfa_delete": false
              }
            ],
            "website": [],
            "website_domain": null,
            "website_endpoint": null
          },
          "sensitive_attributes": [],
          "private": "bnVsbA=="
        }
      ]
    },
    {
      "mode": "managed",
      "type": "aws_s3_bucket",
      "name": "outputBucket",
      "provider": "provider[\"registry.terraform.io/hashicorp/aws\"]",
      "instances": [
        {
          "schema_version": 0,
          "attributes": {
            "acceleration_status": "",
            "acl": "private",
            "arn": "arn:aws:s3:::terraform-test-output-220420-repack",
            "bucket": "terraform-test-output-220420-repack",
            "bucket_domain_name": "terraform-test-output-220420-repack.s3.amazonaws.com",
            "bucket_prefix": null,
            "bucket_regional_domain_name": "terraform-test-output-220420-repack.s3.ap-northeast-2.amazonaws.com",
            "cors_rule": [],
            "force_destroy": false,
            "grant": [],
            "hosted_zone_id": "Z3W03O7B5YMIYP",
            "id": "terraform-test-output-220420-repack",
            "lifecycle_rule": [],
            "logging": [],
            "object_lock_configuration": [],
            "object_lock_enabled": false,
            "policy": null,
            "region": "ap-northeast-2",
            "replication_configuration": [],
            "request_payer": "BucketOwner",
            "server_side_encryption_configuration": [],
            "tags": {
              "Name": "hls output bucket"
            },
            "tags_all": {
              "Name": "hls output bucket"
            },
            "versioning": [
              {
                "enabled": false,
                "mfa_delete": false
              }
            ],
            "website": [],
            "website_domain": null,
            "website_endpoint": null
          },
          "sensitive_attributes": [],
          "private": "bnVsbA=="
        }
      ]
    },
    {
      "mode": "managed",
      "type": "aws_s3_bucket_acl",
      "name": "inputBucket_acl",
      "provider": "provider[\"registry.terraform.io/hashicorp/aws\"]",
      "instances": [
        {
          "schema_version": 0,
          "attributes": {
            "access_control_policy": [
              {
                "grant": [
                  {
                    "grantee": [
                      {
                        "display_name": "",
                        "email_address": "",
                        "id": "fb368d458d714b5b4bcb2801d4c89ce892a270744f5cbc7f6801c6c22780ea72",
                        "type": "CanonicalUser",
                        "uri": ""
                      }
                    ],
                    "permission": "FULL_CONTROL"
                  }
                ],
                "owner": [
                  {
                    "display_name": "",
                    "id": "fb368d458d714b5b4bcb2801d4c89ce892a270744f5cbc7f6801c6c22780ea72"
                  }
                ]
              }
            ],
            "acl": "private",
            "bucket": "terraform-test-input-220420-repack",
            "expected_bucket_owner": "",
            "id": "terraform-test-input-220420-repack,private"
          },
          "sensitive_attributes": [],
          "private": "bnVsbA==",
          "dependencies": [
            "aws_s3_bucket.inputBucket"
          ]
        }
      ]
    },
    {
      "mode": "managed",
      "type": "aws_s3_bucket_acl",
      "name": "outputBucket_acl",
      "provider": "provider[\"registry.terraform.io/hashicorp/aws\"]",
      "instances": [
        {
          "schema_version": 0,
          "attributes": {
            "access_control_policy": [
              {
                "grant": [
                  {
                    "grantee": [
                      {
                        "display_name": "",
                        "email_address": "",
                        "id": "fb368d458d714b5b4bcb2801d4c89ce892a270744f5cbc7f6801c6c22780ea72",
                        "type": "CanonicalUser",
                        "uri": ""
                      }
                    ],
                    "permission": "FULL_CONTROL"
                  }
                ],
                "owner": [
                  {
                    "display_name": "",
                    "id": "fb368d458d714b5b4bcb2801d4c89ce892a270744f5cbc7f6801c6c22780ea72"
                  }
                ]
              }
            ],
            "acl": "private",
            "bucket": "terraform-test-output-220420-repack",
            "expected_bucket_owner": "",
            "id": "terraform-test-output-220420-repack,private"
          },
          "sensitive_attributes": [],
          "private": "bnVsbA==",
          "dependencies": [
            "aws_s3_bucket.outputBucket"
          ]
        }
      ]
    },
    {
      "mode": "managed",
      "type": "aws_s3_bucket_cors_configuration",
      "name": "outputBucket_cors",
      "provider": "provider[\"registry.terraform.io/hashicorp/aws\"]",
      "instances": [
        {
          "schema_version": 0,
          "attributes": {
            "bucket": "terraform-test-output-220420-repack",
            "cors_rule": [
              {
                "allowed_headers": [
                  "*"
                ],
                "allowed_methods": [
                  "GET",
                  "POST",
                  "PUT"
                ],
                "allowed_origins": [
                  "*"
                ],
                "expose_headers": [],
                "id": "",
                "max_age_seconds": 3000
              }
            ],
            "expected_bucket_owner": "",
            "id": "terraform-test-output-220420-repack"
          },
          "sensitive_attributes": [],
          "private": "bnVsbA==",
          "dependencies": [
            "aws_s3_bucket.outputBucket"
          ]
        }
      ]
    },
    {
      "mode": "managed",
      "type": "aws_s3_bucket_notification",
      "name": "aws-lambda-trigger",
      "provider": "provider[\"registry.terraform.io/hashicorp/aws\"]",
      "instances": [
        {
          "schema_version": 0,
          "attributes": {
            "bucket": "terraform-test-input-220420-repack",
            "eventbridge": false,
            "id": "terraform-test-input-220420-repack",
            "lambda_function": [
              {
                "events": [
                  "s3:ObjectCreated:*"
                ],
                "filter_prefix": "",
                "filter_suffix": "",
                "id": "tf-s3-lambda-20220420093728033300000007",
                "lambda_function_arn": "arn:aws:lambda:ap-northeast-2:213739790465:function:mediaConvertLambda_220420-repack"
              }
            ],
            "queue": [],
            "topic": []
          },
          "sensitive_attributes": [],
          "private": "bnVsbA==",
          "dependencies": [
            "aws_iam_role.lambdaRole",
            "aws_iam_role.mediaConvertRole",
            "aws_lambda_function.convertLambda",
            "aws_s3_bucket.inputBucket",
            "aws_s3_bucket.outputBucket"
          ]
        }
      ]
    },
    {
      "mode": "managed",
      "type": "aws_s3_bucket_policy",
      "name": "allow_access_from_cloudfront_account",
      "provider": "provider[\"registry.terraform.io/hashicorp/aws\"]",
      "instances": [
        {
          "schema_version": 0,
          "attributes": {
            "bucket": "terraform-test-output-220420-repack",
            "id": "terraform-test-output-220420-repack",
            "policy": "{\"Statement\":[{\"Action\":\"s3:GetObject\",\"Effect\":\"Allow\",\"Principal\":{\"AWS\":\"arn:aws:iam::cloudfront:user/CloudFront Origin Access Identity E1X05HV9U0V1U2\"},\"Resource\":\"arn:aws:s3:::terraform-test-output-220420-repack/*\",\"Sid\":\"1\"}],\"Version\":\"2012-10-17\"}"
          },
          "sensitive_attributes": [],
          "private": "bnVsbA==",
          "dependencies": [
            "aws_cloudfront_origin_access_identity.s3_output_OAI",
            "aws_s3_bucket.outputBucket",
            "data.aws_iam_policy_document.allow_access_from_cloudfront_account"
          ]
        }
      ]
    }
  ]
}
